
Microsoft Visual Studio Solution File, Format Version 12.00
# Visual Studio 15
VisualStudioVersion = 15.0.28010.2036
MinimumVisualStudioVersion = 10.0.40219.1
Project("{F184B08F-C81C-45F6-A57F-5ABD9991F28F}") = "Biometric_system", "Biometric_system\Biometric_system.vbproj", "{309FB06A-2340-4E08-B482-E762A725F8DC}"
EndProject
Global
	GlobalSection(SolutionConfigurationPlatforms) = preSolution
		Debug|Any CPU = Debug|Any CPU
		Release|Any CPU = Release|Any CPU
	EndGlobalSection
	GlobalSection(ProjectConfigurationPlatforms) = postSolution
		{309FB06A-2340-4E08-B482-E762A725F8DC}.Debug|Any CPU.ActiveCfg = Debug|Any CPU
		{309FB06A-2340-4E08-B482-E762A725F8DC}.Debug|Any CPU.Build.0 = Debug|Any CPU
		{309FB06A-2340-4E08-B482-E762A725F8DC}.Release|Any CPU.ActiveCfg = Release|Any CPU
		{309FB06A-2340-4E08-B482-E762A725F8DC}.Release|Any CPU.Build.0 = Release|Any CPU
	EndGlobalSection
	GlobalSection(SolutionProperties) = preSolution
		HideSolutionNode = FALSE
	EndGlobalSection
	GlobalSection(ExtensibilityGlobals) = postSolution
		SolutionGuid = {397D5777-B148-403D-B4C6-D3F02AB8B4F9}
	EndGlobalSection
EndGlobal
